// !$*UTF8*$!
{
	archiveVersion = 1;
	classes = {
	};
	objectVersion = 46;
	objects = {

/* Begin PBXBuildFile section */
		65D4641C1E2B3024005A8C0F /* main.m in Sources */ = {isa = PBXBuildFile; fileRef = 65D4641B1E2B3024005A8C0F /* main.m */; };
		65D4641F1E2B3024005A8C0F /* AppDelegate.m in Sources */ = {isa = PBXBuildFile; fileRef = 65D4641E1E2B3024005A8C0F /* AppDelegate.m */; };
		65D464221E2B3024005A8C0F /* ViewController.m in Sources */ = {isa = PBXBuildFile; fileRef = 65D464211E2B3024005A8C0F /* ViewController.m */; };
		65D464251E2B3024005A8C0F /* Main.storyboard in Resources */ = {isa = PBXBuildFile; fileRef = 65D464231E2B3024005A8C0F /* Main.storyboard */; };
		65D464271E2B3024005A8C0F /* Assets.xcassets in Resources */ = {isa = PBXBuildFile; fileRef = 65D464261E2B3024005A8C0F /* Assets.xcassets */; };
		65D4642A1E2B3024005A8C0F /* LaunchScreen.storyboard in Resources */ = {isa = PBXBuildFile; fileRef = 65D464281E2B3024005A8C0F /* LaunchScreen.storyboard */; };
		65D464351E2B3024005A8C0F /* XXImageLoopViewDemoTests.m in Sources */ = {isa = PBXBuildFile; fileRef = 65D464341E2B3024005A8C0F /* XXImageLoopViewDemoTests.m */; };
		65D464401E2B3024005A8C0F /* XXImageLoopViewDemoUITests.m in Sources */ = {isa = PBXBuildFile; fileRef = 65D4643F1E2B3024005A8C0F /* XXImageLoopViewDemoUITests.m */; };
		65D464501E2B3061005A8C0F /* XXImageLoopView.m in Sources */ = {isa = PBXBuildFile; fileRef = 65D4644F1E2B3061005A8C0F /* XXImageLoopView.m */; };
		9A3A2DEB1E2E14BE007B4BC6 /* TestViewController.m in Sources */ = {isa = PBXBuildFile; fileRef = 9A3A2DEA1E2E14BE007B4BC6 /* TestViewController.m */; };
		9A3A2DEE1E2E14DB007B4BC6 /* XXCollectionViewCell.m in Sources */ = {isa = PBXBuildFile; fileRef = 9A3A2DED1E2E14DB007B4BC6 /* XXCollectionViewCell.m */; };
/* End PBXBuildFile section */

/* Begin PBXContainerItemProxy section */
		65D464311E2B3024005A8C0F /* PBXContainerItemProxy */ = {
			isa = PBXContainerItemProxy;
			containerPortal = 65D4640F1E2B3024005A8C0F /* Project object */;
			proxyType = 1;
			remoteGlobalIDString = 65D464161E2B3024005A8C0F;
			remoteInfo = XXImageLoopViewDemo;
		};
		65D4643C1E2B3024005A8C0F /* PBXContainerItemProxy */ = {
			isa = PBXContainerItemProxy;
			containerPortal = 65D4640F1E2B3024005A8C0F /* Project object */;
			proxyType = 1;
			remoteGlobalIDString = 65D464161E2B3024005A8C0F;
			remoteInfo = XXImageLoopViewDemo;
		};
/* End PBXContainerItemProxy section */

/* Begin PBXFileReference section */
		65D464171E2B3024005A8C0F /* XXImageLoopViewDemo.app */ = {isa = PBXFileReference; explicitFileType = wrapper.application; includeInIndex = 0; path = XXImageLoopViewDemo.app; sourceTree = BUILT_PRODUCTS_DIR; };
		65D4641B1E2B3024005A8C0F /* main.m */ = {isa = PBXFileReference; lastKnownFileType = sourcecode.c.objc; path = main.m; sourceTree = "<group>"; };
		65D4641D1E2B3024005A8C0F /* AppDelegate.h */ = {isa = PBXFileReference; lastKnownFileType = sourcecode.c.h; path = AppDelegate.h; sourceTree = "<group>"; };
		65D4641E1E2B3024005A8C0F /* AppDelegate.m */ = {isa = PBXFileReference; lastKnownFileType = sourcecode.c.objc; path = AppDelegate.m; sourceTree = "<group>"; };
		65D464201E2B3024005A8C0F /* ViewController.h */ = {isa = PBXFileReference; lastKnownFileType = sourcecode.c.h; path = ViewController.h; sourceTree = "<group>"; };
		65D464211E2B3024005A8C0F /* ViewController.m */ = {isa = PBXFileReference; lastKnownFileType = sourcecode.c.objc; path = ViewController.m; sourceTree = "<group>"; };
		65D464241E2B3024005A8C0F /* Base */ = {isa = PBXFileReference; lastKnownFileType = file.storyboard; name = Base; path = Base.lproj/Main.storyboard; sourceTree = "<group>"; };
		65D464261E2B3024005A8C0F /* Assets.xcassets */ = {isa = PBXFileReference; lastKnownFileType = folder.assetcatalog; path = Assets.xcassets; sourceTree = "<group>"; };
		65D464291E2B3024005A8C0F /* Base */ = {isa = PBXFileReference; lastKnownFileType = file.storyboard; name = Base; path = Base.lproj/LaunchScreen.storyboard; sourceTree = "<group>"; };
		65D4642B1E2B3024005A8C0F /* Info.plist */ = {isa = PBXFileReference; lastKnownFileType = text.plist.xml; path = Info.plist; sourceTree = "<group>"; };
		65D464301E2B3024005A8C0F /* XXImageLoopViewDemoTests.xctest */ = {isa = PBXFileReference; explicitFileType = wrapper.cfbundle; includeInIndex = 0; path = XXImageLoopViewDemoTests.xctest; sourceTree = BUILT_PRODUCTS_DIR; };
		65D464341E2B3024005A8C0F /* XXImageLoopViewDemoTests.m */ = {isa = PBXFileReference; lastKnownFileType = sourcecode.c.objc; path = XXImageLoopViewDemoTests.m; sourceTree = "<group>"; };
		65D464361E2B3024005A8C0F /* Info.plist */ = {isa = PBXFileReference; lastKnownFileType = text.plist.xml; path = Info.plist; sourceTree = "<group>"; };
		65D4643B1E2B3024005A8C0F /* XXImageLoopViewDemoUITests.xctest */ = {isa = PBXFileReference; explicitFileType = wrapper.cfbundle; includeInIndex = 0; path = XXImageLoopViewDemoUITests.xctest; sourceTree = BUILT_PRODUCTS_DIR; };
		65D4643F1E2B3024005A8C0F /* XXImageLoopViewDemoUITests.m */ = {isa = PBXFileReference; lastKnownFileType = sourcecode.c.objc; path = XXImageLoopViewDemoUITests.m; sourceTree = "<group>"; };
		65D464411E2B3024005A8C0F /* Info.plist */ = {isa = PBXFileReference; lastKnownFileType = text.plist.xml; path = Info.plist; sourceTree = "<group>"; };
		65D4644E1E2B3061005A8C0F /* XXImageLoopView.h */ = {isa = PBXFileReference; fileEncoding = 4; lastKnownFileType = sourcecode.c.h; path = XXImageLoopView.h; sourceTree = "<group>"; };
		65D4644F1E2B3061005A8C0F /* XXImageLoopView.m */ = {isa = PBXFileReference; fileEncoding = 4; lastKnownFileType = sourcecode.c.objc; path = XXImageLoopView.m; sourceTree = "<group>"; };
		9A3A2DE91E2E14BE007B4BC6 /* TestViewController.h */ = {isa = PBXFileReference; fileEncoding = 4; lastKnownFileType = sourcecode.c.h; path = TestViewController.h; sourceTree = "<group>"; };
		9A3A2DEA1E2E14BE007B4BC6 /* TestViewController.m */ = {isa = PBXFileReference; fileEncoding = 4; lastKnownFileType = sourcecode.c.objc; path = TestViewController.m; sourceTree = "<group>"; };
		9A3A2DEC1E2E14DB007B4BC6 /* XXCollectionViewCell.h */ = {isa = PBXFileReference; fileEncoding = 4; lastKnownFileType = sourcecode.c.h; path = XXCollectionViewCell.h; sourceTree = "<group>"; };
		9A3A2DED1E2E14DB007B4BC6 /* XXCollectionViewCell.m */ = {isa = PBXFileReference; fileEncoding = 4; lastKnownFileType = sourcecode.c.objc; path = XXCollectionViewCell.m; sourceTree = "<group>"; };
/* End PBXFileReference section */

/* Begin PBXFrameworksBuildPhase section */
		65D464141E2B3024005A8C0F /* Frameworks */ = {
			isa = PBXFrameworksBuildPhase;
			buildActionMask = 2147483647;
			files = (
			);
			runOnlyForDeploymentPostprocessing = 0;
		};
		65D4642D1E2B3024005A8C0F /* Frameworks */ = {
			isa = PBXFrameworksBuildPhase;
			buildActionMask = 2147483647;
			files = (
			);
			runOnlyForDeploymentPostprocessing = 0;
		};
		65D464381E2B3024005A8C0F /* Frameworks */ = {
			isa = PBXFrameworksBuildPhase;
			buildActionMask = 2147483647;
			files = (
			);
			runOnlyForDeploymentPostprocessing = 0;
		};
/* End PBXFrameworksBuildPhase section */

/* Begin PBXGroup section */
		65D4640E1E2B3024005A8C0F = {
			isa = PBXGroup;
			children = (
				65D464191E2B3024005A8C0F /* XXImageLoopViewDemo */,
				65D464331E2B3024005A8C0F /* XXImageLoopViewDemoTests */,
				65D4643E1E2B3024005A8C0F /* XXImageLoopViewDemoUITests */,
				65D464181E2B3024005A8C0F /* Products */,
			);
			sourceTree = "<group>";
		};
		65D464181E2B3024005A8C0F /* Products */ = {
			isa = PBXGroup;
			children = (
				65D464171E2B3024005A8C0F /* XXImageLoopViewDemo.app */,
				65D464301E2B3024005A8C0F /* XXImageLoopViewDemoTests.xctest */,
				65D4643B1E2B3024005A8C0F /* XXImageLoopViewDemoUITests.xctest */,
			);
			name = Products;
			sourceTree = "<group>";
		};
		65D464191E2B3024005A8C0F /* XXImageLoopViewDemo */ = {
			isa = PBXGroup;
			children = (
				65D4644D1E2B304C005A8C0F /* XXImageLoopView */,
				9A3A2DE81E2E14BE007B4BC6 /* XXImageLoopView2 */,
				65D4641D1E2B3024005A8C0F /* AppDelegate.h */,
				65D4641E1E2B3024005A8C0F /* AppDelegate.m */,
				65D464201E2B3024005A8C0F /* ViewController.h */,
				65D464211E2B3024005A8C0F /* ViewController.m */,
				65D464231E2B3024005A8C0F /* Main.storyboard */,
				65D464261E2B3024005A8C0F /* Assets.xcassets */,
				65D464281E2B3024005A8C0F /* LaunchScreen.storyboard */,
				65D4642B1E2B3024005A8C0F /* Info.plist */,
				65D4641A1E2B3024005A8C0F /* Supporting Files */,
			);
			path = XXImageLoopViewDemo;
			sourceTree = "<group>";
		};
		65D4641A1E2B3024005A8C0F /* Supporting Files */ = {
			isa = PBXGroup;
			children = (
				65D4641B1E2B3024005A8C0F /* main.m */,
			);
			name = "Supporting Files";
			sourceTree = "<group>";
		};
		65D464331E2B3024005A8C0F /* XXImageLoopViewDemoTests */ = {
			isa = PBXGroup;
			children = (
				65D464341E2B3024005A8C0F /* XXImageLoopViewDemoTests.m */,
				65D464361E2B3024005A8C0F /* Info.plist */,
			);
			path = XXImageLoopViewDemoTests;
			sourceTree = "<group>";
		};
		65D4643E1E2B3024005A8C0F /* XXImageLoopViewDemoUITests */ = {
			isa = PBXGroup;
			children = (
				65D4643F1E2B3024005A8C0F /* XXImageLoopViewDemoUITests.m */,
				65D464411E2B3024005A8C0F /* Info.plist */,
			);
			path = XXImageLoopViewDemoUITests;
			sourceTree = "<group>";
		};
		65D4644D1E2B304C005A8C0F /* XXImageLoopView */ = {
			isa = PBXGroup;
			children = (
				65D4644E1E2B3061005A8C0F /* XXImageLoopView.h */,
				65D4644F1E2B3061005A8C0F /* XXImageLoopView.m */,
			);
			path = XXImageLoopView;
			sourceTree = "<group>";
		};
		9A3A2DE81E2E14BE007B4BC6 /* XXImageLoopView2 */ = {
			isa = PBXGroup;
			children = (
				9A3A2DE91E2E14BE007B4BC6 /* TestViewController.h */,
				9A3A2DEA1E2E14BE007B4BC6 /* TestViewController.m */,
				9A3A2DEC1E2E14DB007B4BC6 /* XXCollectionViewCell.h */,
				9A3A2DED1E2E14DB007B4BC6 /* XXCollectionViewCell.m */,
			);
			path = XXImageLoopView2;
			sourceTree = "<group>";
		};
/* End PBXGroup section */

/* Begin PBXNativeTarget section */
		65D464161E2B3024005A8C0F /* XXImageLoopViewDemo */ = {
			isa = PBXNativeTarget;
			buildConfigurationList = 65D464441E2B3024005A8C0F /* Build configuration list for PBXNativeTarget "XXImageLoopViewDemo" */;
			buildPhases = (
				65D464131E2B3024005A8C0F /* Sources */,
				65D464141E2B3024005A8C0F /* Frameworks */,
				65D464151E2B3024005A8C0F /* Resources */,
			);
			buildRules = (
			);
			dependencies = (
			);
			name = XXImageLoopViewDemo;
			productName = XXImageLoopViewDemo;
			productReference = 65D464171E2B3024005A8C0F /* XXImageLoopViewDemo.app */;
			productType = "com.apple.product-type.application";
		};
		65D4642F1E2B3024005A8C0F /* XXImageLoopViewDemoTests */ = {
			isa = PBXNativeTarget;
			buildConfigurationList = 65D464471E2B3024005A8C0F /* Build configuration list for PBXNativeTarget "XXImageLoopViewDemoTests" */;
			buildPhases = (
				65D4642C1E2B3024005A8C0F /* Sources */,
				65D4642D1E2B3024005A8C0F /* Frameworks */,
				65D4642E1E2B3024005A8C0F /* Resources */,
			);
			buildRules = (
			);
			dependencies = (
				65D464321E2B3024005A8C0F /* PBXTargetDependency */,
			);
			name = XXImageLoopViewDemoTests;
			productName = XXImageLoopViewDemoTests;
			productReference = 65D464301E2B3024005A8C0F /* XXImageLoopViewDemoTests.xctest */;
			productType = "com.apple.product-type.bundle.unit-test";
		};
		65D4643A1E2B3024005A8C0F /* XXImageLoopViewDemoUITests */ = {
			isa = PBXNativeTarget;
			buildConfigurationList = 65D4644A1E2B3024005A8C0F /* Build configuration list for PBXNativeTarget "XXImageLoopViewDemoUITests" */;
			buildPhases = (
				65D464371E2B3024005A8C0F /* Sources */,
				65D464381E2B3024005A8C0F /* Frameworks */,
				65D464391E2B3024005A8C0F /* Resources */,
			);
			buildRules = (
			);
			dependencies = (
				65D4643D1E2B3024005A8C0F /* PBXTargetDependency */,
			);
			name = XXImageLoopViewDemoUITests;
			productName = XXImageLoopViewDemoUITests;
			productReference = 65D4643B1E2B3024005A8C0F /* XXImageLoopViewDemoUITests.xctest */;
			productType = "com.apple.product-type.bundle.ui-testing";
		};
/* End PBXNativeTarget section */

/* Begin PBXProject section */
		65D4640F1E2B3024005A8C0F /* Project object */ = {
			isa = PBXProject;
			attributes = {
				LastUpgradeCheck = 0720;
				TargetAttributes = {
					65D464161E2B3024005A8C0F = {
						CreatedOnToolsVersion = 7.2;
					};
					65D4642F1E2B3024005A8C0F = {
						CreatedOnToolsVersion = 7.2;
						TestTargetID = 65D464161E2B3024005A8C0F;
					};
					65D4643A1E2B3024005A8C0F = {
						CreatedOnToolsVersion = 7.2;
						TestTargetID = 65D464161E2B3024005A8C0F;
					};
				};
			};
			buildConfigurationList = 65D464121E2B3024005A8C0F /* Build configuration list for PBXProject "XXImageLoopViewDemo" */;
			compatibilityVersion = "Xcode 3.2";
			developmentRegion = English;
			hasScannedForEncodings = 0;
			knownRegions = (
				en,
				Base,
			);
			mainGroup = 65D4640E1E2B3024005A8C0F;
			productRefGroup = 65D464181E2B3024005A8C0F /* Products */;
			projectDirPath = "";
			projectRoot = "";
			targets = (
				65D464161E2B3024005A8C0F /* XXImageLoopViewDemo */,
				65D4642F1E2B3024005A8C0F /* XXImageLoopViewDemoTests */,
				65D4643A1E2B3024005A8C0F /* XXImageLoopViewDemoUITests */,
			);
		};
/* End PBXProject section */

/* Begin PBXResourcesBuildPhase section */
		65D464151E2B3024005A8C0F /* Resources */ = {
			isa = PBXResourcesBuildPhase;
			buildActionMask = 2147483647;
			files = (
				65D4642A1E2B3024005A8C0F /* LaunchScreen.storyboard in Resources */,
				65D464271E2B3024005A8C0F /* Assets.xcassets in Resources */,
				65D464251E2B3024005A8C0F /* Main.storyboard in Resources */,
			);
			runOnlyForDeploymentPostprocessing = 0;
		};
		65D4642E1E2B3024005A8C0F /* Resources */ = {
			isa = PBXResourcesBuildPhase;
			buildActionMask = 2147483647;
			files = (
			);
			runOnlyForDeploymentPostprocessing = 0;
		};
		65D464391E2B3024005A8C0F /* Resources */ = {
			isa = PBXResourcesBuildPhase;
			buildActionMask = 2147483647;
			files = (
			);
			runOnlyForDeploymentPostprocessing = 0;
		};
/* End PBXResourcesBuildPhase section */

/* Begin PBXSourcesBuildPhase section */
		65D464131E2B3024005A8C0F /* Sources */ = {
			isa = PBXSourcesBuildPhase;
			buildActionMask = 2147483647;
			files = (
				65D464501E2B3061005A8C0F /* XXImageLoopView.m in Sources */,
				65D464221E2B3024005A8C0F /* ViewController.m in Sources */,
				9A3A2DEE1E2E14DB007B4BC6 /* XXCollectionViewCell.m in Sources */,
				65D4641F1E2B3024005A8C0F /* AppDelegate.m in Sources */,
				65D4641C1E2B3024005A8C0F /* main.m in Sources */,
				9A3A2DEB1E2E14BE007B4BC6 /* TestViewController.m in Sources */,
			);
			runOnlyForDeploymentPostprocessing = 0;
		};
		65D4642C1E2B3024005A8C0F /* Sources */ = {
			isa = PBXSourcesBuildPhase;
			buildActionMask = 2147483647;
			files = (
				65D464351E2B3024005A8C0F /* XXImageLoopViewDemoTests.m in Sources */,
			);
			runOnlyForDeploymentPostprocessing = 0;
		};
		65D464371E2B3024005A8C0F /* Sources */ = {
			isa = PBXSourcesBuildPhase;
			buildActionMask = 2147483647;
			files = (
				65D464401E2B3024005A8C0F /* XXImageLoopViewDemoUITests.m in Sources */,
			);
			runOnlyForDeploymentPostprocessing = 0;
		};
/* End PBXSourcesBuildPhase section */

/* Begin PBXTargetDependency section */
		65D464321E2B3024005A8C0F /* PBXTargetDependency */ = {
			isa = PBXTargetDependency;
			target = 65D464161E2B3024005A8C0F /* XXImageLoopViewDemo */;
			targetProxy = 65D464311E2B3024005A8C0F /* PBXContainerItemProxy */;
		};
		65D4643D1E2B3024005A8C0F /* PBXTargetDependency */ = {
			isa = PBXTargetDependency;
			target = 65D464161E2B3024005A8C0F /* XXImageLoopViewDemo */;
			targetProxy = 65D4643C1E2B3024005A8C0F /* PBXContainerItemProxy */;
		};
/* End PBXTargetDependency section */

/* Begin PBXVariantGroup section */
		65D464231E2B3024005A8C0F /* Main.storyboard */ = {
			isa = PBXVariantGroup;
			children = (
				65D464241E2B3024005A8C0F /* Base */,
			);
			name = Main.storyboard;
			sourceTree = "<group>";
		};
		65D464281E2B3024005A8C0F /* LaunchScreen.storyboard */ = {
			isa = PBXVariantGroup;
			children = (
				65D464291E2B3024005A8C0F /* Base */,
			);
			name = LaunchScreen.storyboard;
			sourceTree = "<group>";
		};
/* End PBXVariantGroup section */

/* Begin XCBuildConfiguration section */
		65D464421E2B3024005A8C0F /* Debug */ = {
			isa = XCBuildConfiguration;
			buildSettings = {
				ALWAYS_SEARCH_USER_PATHS = NO;
				CLANG_CXX_LANGUAGE_STANDARD = "gnu++0x";
				CLANG_CXX_LIBRARY = "libc++";
				CLANG_ENABLE_MODULES = YES;
				CLANG_ENABLE_OBJC_ARC = YES;
				CLANG_WARN_BOOL_CONVERSION = YES;
				CLANG_WARN_CONSTANT_CONVERSION = YES;
				CLANG_WARN_DIRECT_OBJC_ISA_USAGE = YES_ERROR;
				CLANG_WARN_EMPTY_BODY = YES;
				CLANG_WARN_ENUM_CONVERSION = YES;
				CLANG_WARN_INT_CONVERSION = YES;
				CLANG_WARN_OBJC_ROOT_CLASS = YES_ERROR;
				CLANG_WARN_UNREACHABLE_CODE = YES;
				CLANG_WARN__DUPLICATE_METHOD_MATCH = YES;
				"CODE_SIGN_IDENTITY[sdk=iphoneos*]" = "iPhone Developer";
				COPY_PHASE_STRIP = NO;
				DEBUG_INFORMATION_FORMAT = dwarf;
				ENABLE_STRICT_OBJC_MSGSEND = YES;
				ENABLE_TESTABILITY = YES;
				GCC_C_LANGUAGE_STANDARD = gnu99;
				GCC_DYNAMIC_NO_PIC = NO;
				GCC_NO_COMMON_BLOCKS = YES;
				GCC_OPTIMIZATION_LEVEL = 0;
				GCC_PREPROCESSOR_DEFINITIONS = (
					"DEBUG=1",
					"$(inherited)",
				);
				GCC_WARN_64_TO_32_BIT_CONVERSION = YES;
				GCC_WARN_ABOUT_RETURN_TYPE = YES_ERROR;
				GCC_WARN_UNDECLARED_SELECTOR = YES;
				GCC_WARN_UNINITIALIZED_AUTOS = YES_AGGRESSIVE;
				GCC_WARN_UNUSED_FUNCTION = YES;
				GCC_WARN_UNUSED_VARIABLE = YES;
				IPHONEOS_DEPLOYMENT_TARGET = 9.2;
				MTL_ENABLE_DEBUG_INFO = YES;
				ONLY_ACTIVE_ARCH = YES;
				SDKROOT = iphoneos;
			};
			name = Debug;
		};
		65D464431E2B3024005A8C0F /* Release */ = {
			isa = XCBuildConfiguration;
			buildSettings = {
				ALWAYS_SEARCH_USER_PATHS = NO;
				CLANG_CXX_LANGUAGE_STANDARD = "gnu++0x";
				CLANG_CXX_LIBRARY = "libc++";
				CLANG_ENABLE_MODULES = YES;
				CLANG_ENABLE_OBJC_ARC = YES;
				CLANG_WARN_BOOL_CONVERSION = YES;
				CLANG_WARN_CONSTANT_CONVERSION = YES;
				CLANG_WARN_DIRECT_OBJC_ISA_USAGE = YES_ERROR;
				CLANG_WARN_EMPTY_BODY = YES;
				CLANG_WARN_ENUM_CONVERSION = YES;
				CLANG_WARN_INT_CONVERSION = YES;
				CLANG_WARN_OBJC_ROOT_CLASS = YES_ERROR;
				CLANG_WARN_UNREACHABLE_CODE = YES;
				CLANG_WARN__DUPLICATE_METHOD_MATCH = YES;
				"CODE_SIGN_IDENTITY[sdk=iphoneos*]" = "iPhone Developer";
				COPY_PHASE_STRIP = NO;
				DEBUG_INFORMATION_FORMAT = "dwarf-with-dsym";
				ENABLE_NS_ASSERTIONS = NO;
				ENABLE_STRICT_OBJC_MSGSEND = YES;
				GCC_C_LANGUAGE_STANDARD = gnu99;
				GCC_NO_COMMON_BLOCKS = YES;
				GCC_WARN_64_TO_32_BIT_CONVERSION = YES;
				GCC_WARN_ABOUT_RETURN_TYPE = YES_ERROR;
				GCC_WARN_UNDECLARED_SELECTOR = YES;
				GCC_WARN_UNINITIALIZED_AUTOS = YES_AGGRESSIVE;
				GCC_WARN_UNUSED_FUNCTION = YES;
				GCC_WARN_UNUSED_VARIABLE = YES;
				IPHONEOS_DEPLOYMENT_TARGET = 9.2;
				MTL_ENABLE_DEBUG_INFO = NO;
				SDKROOT = iphoneos;
				VALIDATE_PRODUCT = YES;
			};
			name = Release;
		};
		65D464451E2B3024005A8C0F /* Debug */ = {
			isa = XCBuildConfiguration;
			buildSettings = {
				ASSETCATALOG_COMPILER_APPICON_NAME = AppIcon;
				INFOPLIST_FILE = XXImageLoopViewDemo/Info.plist;
				LD_RUNPATH_SEARCH_PATHS = "$(inherited) @executable_path/Frameworks";
				PRODUCT_BUNDLE_IDENTIFIER = XX.XXImageLoopViewDemo;
				PRODUCT_NAME = "$(TARGET_NAME)";
			};
			name = Debug;
		};
		65D464461E2B3024005A8C0F /* Release */ = {
			isa = XCBuildConfiguration;
			buildSettings = {
				ASSETCATALOG_COMPILER_APPICON_NAME = AppIcon;
				INFOPLIST_FILE = XXImageLoopViewDemo/Info.plist;
				LD_RUNPATH_SEARCH_PATHS = "$(inherited) @executable_path/Frameworks";
				PRODUCT_BUNDLE_IDENTIFIER = XX.XXImageLoopViewDemo;
				PRODUCT_NAME = "$(TARGET_NAME)";
			};
			name = Release;
		};
		65D464481E2B3024005A8C0F /* Debug */ = {
			isa = XCBuildConfiguration;
			buildSettings = {
				BUNDLE_LOADER = "$(TEST_HOST)";
				INFOPLIST_FILE = XXImageLoopViewDemoTests/Info.plist;
				LD_RUNPATH_SEARCH_PATHS = "$(inherited) @executable_path/Frameworks @loader_path/Frameworks";
				PRODUCT_BUNDLE_IDENTIFIER = XX.XXImageLoopViewDemoTests;
				PRODUCT_NAME = "$(TARGET_NAME)";
				TEST_HOST = "$(BUILT_PRODUCTS_DIR)/XXImageLoopViewDemo.app/XXImageLoopViewDemo";
			};
			name = Debug;
		};
		65D464491E2B3024005A8C0F /* Release */ = {
			isa = XCBuildConfiguration;
			buildSettings = {
				BUNDLE_LOADER = "$(TEST_HOST)";
				INFOPLIST_FILE = XXImageLoopViewDemoTests/Info.plist;
				LD_RUNPATH_SEARCH_PATHS = "$(inherited) @executable_path/Frameworks @loader_path/Frameworks";
				PRODUCT_BUNDLE_IDENTIFIER = XX.XXImageLoopViewDemoTests;
				PRODUCT_NAME = "$(TARGET_NAME)";
				TEST_HOST = "$(BUILT_PRODUCTS_DIR)/XXImageLoopViewDemo.app/XXImageLoopViewDemo";
			};
			name = Release;
		};
		65D4644B1E2B3024005A8C0F /* Debug */ = {
			isa = XCBuildConfiguration;
			buildSettings = {
				INFOPLIST_FILE = XXImageLoopViewDemoUITests/Info.plist;
				LD_RUNPATH_SEARCH_PATHS = "$(inherited) @executable_path/Frameworks @loader_path/Frameworks";
				PRODUCT_BUNDLE_IDENTIFIER = XX.XXImageLoopViewDemoUITests;
				PRODUCT_NAME = "$(TARGET_NAME)";
				TEST_TARGET_NAME = XXImageLoopViewDemo;
				USES_XCTRUNNER = YES;
			};
			name = Debug;
		};
		65D4644C1E2B3024005A8C0F /* Release */ = {
			isa = XCBuildConfiguration;
			buildSettings = {
				INFOPLIST_FILE = XXImageLoopViewDemoUITests/Info.plist;
				LD_RUNPATH_SEARCH_PATHS = "$(inherited) @executable_path/Frameworks @loader_path/Frameworks";
				PRODUCT_BUNDLE_IDENTIFIER = XX.XXImageLoopViewDemoUITests;
				PRODUCT_NAME = "$(TARGET_NAME)";
				TEST_TARGET_NAME = XXImageLoopViewDemo;
				USES_XCTRUNNER = YES;
			};
			name = Release;
		};
/* End XCBuildConfiguration section */

/* Begin XCConfigurationList section */
		65D464121E2B3024005A8C0F /* Build configuration list for PBXProject "XXImageLoopViewDemo" */ = {
			isa = XCConfigurationList;
			buildConfigurations = (
				65D464421E2B3024005A8C0F /* Debug */,
				65D464431E2B3024005A8C0F /* Release */,
			);
			defaultConfigurationIsVisible = 0;
			defaultConfigurationName = Release;
		};
		65D464441E2B3024005A8C0F /* Build configuration list for PBXNativeTarget "XXImageLoopViewDemo" */ = {
			isa = XCConfigurationList;
			buildConfigurations = (
				65D464451E2B3024005A8C0F /* Debug */,
				65D464461E2B3024005A8C0F /* Release */,
			);
			defaultConfigurationIsVisible = 0;
			defaultConfigurationName = Release;
		};
		65D464471E2B3024005A8C0F /* Build configuration list for PBXNativeTarget "XXImageLoopViewDemoTests" */ = {
			isa = XCConfigurationList;
			buildConfigurations = (
				65D464481E2B3024005A8C0F /* Debug */,
				65D464491E2B3024005A8C0F /* Release */,
			);
			defaultConfigurationIsVisible = 0;
			defaultConfigurationName = Release;
		};
		65D4644A1E2B3024005A8C0F /* Build configuration list for PBXNativeTarget "XXImageLoopViewDemoUITests" */ = {
			isa = XCConfigurationList;
			buildConfigurations = (
				65D4644B1E2B3024005A8C0F /* Debug */,
				65D4644C1E2B3024005A8C0F /* Release */,
			);
			defaultConfigurationIsVisible = 0;
			defaultConfigurationName = Release;
		};
/* End XCConfigurationList section */
	};
	rootObject = 65D4640F1E2B3024005A8C0F /* Project object */;
}
